
Microsoft Visual Studio Solution File, Format Version 12.00
# Visual Studio Version 17
VisualStudioVersion = 17.6.33815.320
MinimumVisualStudioVersion = 10.0.40219.1
Project("{FAE04EC0-301F-11D3-BF4B-00C04F79EFBC}") = "Test task", "Test task.csproj", "{CE8369DA-0C1C-4F1C-927E-EC9457DDA70F}"
EndProject
Global
	GlobalSection(SolutionConfigurationPlatforms) = preSolution
		Debug|Any CPU = Debug|Any CPU
		Release|Any CPU = Release|Any CPU
	EndGlobalSection
	GlobalSection(ProjectConfigurationPlatforms) = postSolution
		{CE8369DA-0C1C-4F1C-927E-EC9457DDA70F}.Debug|Any CPU.ActiveCfg = Debug|Any CPU
		{CE8369DA-0C1C-4F1C-927E-EC9457DDA70F}.Debug|Any CPU.Build.0 = Debug|Any CPU
		{CE8369DA-0C1C-4F1C-927E-EC9457DDA70F}.Release|Any CPU.ActiveCfg = Release|Any CPU
		{CE8369DA-0C1C-4F1C-927E-EC9457DDA70F}.Release|Any CPU.Build.0 = Release|Any CPU
	EndGlobalSection
	GlobalSection(SolutionProperties) = preSolution
		HideSolutionNode = FALSE
	EndGlobalSection
	GlobalSection(ExtensibilityGlobals) = postSolution
		SolutionGuid = {E010F237-2C84-42DF-959B-F74AAFA44E29}
	EndGlobalSection
EndGlobal
